
Microsoft Visual Studio Solution File, Format Version 12.00
# Visual Studio Version 17
VisualStudioVersion = 17.4.33403.182
MinimumVisualStudioVersion = 10.0.40219.1
Project("{FAE04EC0-301F-11D3-BF4B-00C04F79EFBC}") = "AplicacionWebApiAngelValdiviezo", "AplicacionWebApiAngelValdiviezo\AplicacionWebApiAngelValdiviezo.csproj", "{18A85340-DB3D-4730-AB48-2C1C2292A809}"
EndProject
Global
	GlobalSection(SolutionConfigurationPlatforms) = preSolution
		Debug|Any CPU = Debug|Any CPU
		Release|Any CPU = Release|Any CPU
	EndGlobalSection
	GlobalSection(ProjectConfigurationPlatforms) = postSolution
		{18A85340-DB3D-4730-AB48-2C1C2292A809}.Debug|Any CPU.ActiveCfg = Debug|Any CPU
		{18A85340-DB3D-4730-AB48-2C1C2292A809}.Debug|Any CPU.Build.0 = Debug|Any CPU
		{18A85340-DB3D-4730-AB48-2C1C2292A809}.Release|Any CPU.ActiveCfg = Release|Any CPU
		{18A85340-DB3D-4730-AB48-2C1C2292A809}.Release|Any CPU.Build.0 = Release|Any CPU
	EndGlobalSection
	GlobalSection(SolutionProperties) = preSolution
		HideSolutionNode = FALSE
	EndGlobalSection
	GlobalSection(ExtensibilityGlobals) = postSolution
		SolutionGuid = {4030C445-6E74-4C34-9615-523A8D126E84}
	EndGlobalSection
EndGlobal
